// !$*UTF8*$!
{
	archiveVersion = 1;
	classes = {
	};
	objectVersion = 56;
	objects = {

/* Begin PBXBuildFile section */
		2F9279AE2ACF9DE700F8F557 /* ImageLoader.swift in Sources */ = {isa = PBXBuildFile; fileRef = 2F9279AD2ACF9DE700F8F557 /* ImageLoader.swift */; };
		2F9279B02ACFB1A400F8F557 /* NetworkMonitor.swift in Sources */ = {isa = PBXBuildFile; fileRef = 2F9279AF2ACFB1A400F8F557 /* NetworkMonitor.swift */; };
		2FBCA4742ACF6C4500E01E62 /* Realm in Frameworks */ = {isa = PBXBuildFile; productRef = 2FBCA4732ACF6C4500E01E62 /* Realm */; };
		2FBCA4762ACF6C4500E01E62 /* RealmSwift in Frameworks */ = {isa = PBXBuildFile; productRef = 2FBCA4752ACF6C4500E01E62 /* RealmSwift */; };
		2FD513A92ACE15EF006388ED /* PlatziApp.swift in Sources */ = {isa = PBXBuildFile; fileRef = 2FD513A82ACE15EF006388ED /* PlatziApp.swift */; };
		2FD513AB2ACE15EF006388ED /* ContentView.swift in Sources */ = {isa = PBXBuildFile; fileRef = 2FD513AA2ACE15EF006388ED /* ContentView.swift */; };
		2FD513AD2ACE15F1006388ED /* Assets.xcassets in Resources */ = {isa = PBXBuildFile; fileRef = 2FD513AC2ACE15F1006388ED /* Assets.xcassets */; };
		2FD513B02ACE15F1006388ED /* Preview Assets.xcassets in Resources */ = {isa = PBXBuildFile; fileRef = 2FD513AF2ACE15F1006388ED /* Preview Assets.xcassets */; };
		2FD513BC2ACE1F32006388ED /* APIResult.swift in Sources */ = {isa = PBXBuildFile; fileRef = 2FD513BB2ACE1F32006388ED /* APIResult.swift */; };
		2FD513BE2ACE1F65006388ED /* Movie.swift in Sources */ = {isa = PBXBuildFile; fileRef = 2FD513BD2ACE1F65006388ED /* Movie.swift */; };
		2FD513C02ACE2060006388ED /* NetworkService.swift in Sources */ = {isa = PBXBuildFile; fileRef = 2FD513BF2ACE2060006388ED /* NetworkService.swift */; };
		2FD513C22ACE2088006388ED /* Config.plist in Resources */ = {isa = PBXBuildFile; fileRef = 2FD513C12ACE2088006388ED /* Config.plist */; };
		2FD513C62ACE25C7006388ED /* PaginationService.swift in Sources */ = {isa = PBXBuildFile; fileRef = 2FD513C52ACE25C7006388ED /* PaginationService.swift */; };
		2FD513C82ACE261A006388ED /* PaginationManager.swift in Sources */ = {isa = PBXBuildFile; fileRef = 2FD513C72ACE261A006388ED /* PaginationManager.swift */; };
		2FD513CA2ACE4B7D006388ED /* MovieListViewModel.swift in Sources */ = {isa = PBXBuildFile; fileRef = 2FD513C92ACE4B7D006388ED /* MovieListViewModel.swift */; };
		2FD513CC2ACEB5DD006388ED /* MovieRow.swift in Sources */ = {isa = PBXBuildFile; fileRef = 2FD513CB2ACEB5DD006388ED /* MovieRow.swift */; };
		2FD513CE2ACEBE2E006388ED /* VideoResult.swift in Sources */ = {isa = PBXBuildFile; fileRef = 2FD513CD2ACEBE2E006388ED /* VideoResult.swift */; };
		2FD513D02ACEBE39006388ED /* Video.swift in Sources */ = {isa = PBXBuildFile; fileRef = 2FD513CF2ACEBE39006388ED /* Video.swift */; };
		2FD513DA2ACF3ECE006388ED /* MovieDetailsViewModel.swift in Sources */ = {isa = PBXBuildFile; fileRef = 2FD513D92ACF3ECE006388ED /* MovieDetailsViewModel.swift */; };
		2FD513DC2ACF3EF8006388ED /* MovieDetailView.swift in Sources */ = {isa = PBXBuildFile; fileRef = 2FD513DB2ACF3EF8006388ED /* MovieDetailView.swift */; };
		2FD513DE2ACF3F37006388ED /* WebView.swift in Sources */ = {isa = PBXBuildFile; fileRef = 2FD513DD2ACF3F37006388ED /* WebView.swift */; };
/* End PBXBuildFile section */

/* Begin PBXFileReference section */
		2F9279AD2ACF9DE700F8F557 /* ImageLoader.swift */ = {isa = PBXFileReference; lastKnownFileType = sourcecode.swift; path = ImageLoader.swift; sourceTree = "<group>"; };
		2F9279AF2ACFB1A400F8F557 /* NetworkMonitor.swift */ = {isa = PBXFileReference; lastKnownFileType = sourcecode.swift; path = NetworkMonitor.swift; sourceTree = "<group>"; };
		2FD513A52ACE15EF006388ED /* Platzi.app */ = {isa = PBXFileReference; explicitFileType = wrapper.application; includeInIndex = 0; path = Platzi.app; sourceTree = BUILT_PRODUCTS_DIR; };
		2FD513A82ACE15EF006388ED /* PlatziApp.swift */ = {isa = PBXFileReference; lastKnownFileType = sourcecode.swift; path = PlatziApp.swift; sourceTree = "<group>"; };
		2FD513AA2ACE15EF006388ED /* ContentView.swift */ = {isa = PBXFileReference; lastKnownFileType = sourcecode.swift; path = ContentView.swift; sourceTree = "<group>"; };
		2FD513AC2ACE15F1006388ED /* Assets.xcassets */ = {isa = PBXFileReference; lastKnownFileType = folder.assetcatalog; path = Assets.xcassets; sourceTree = "<group>"; };
		2FD513AF2ACE15F1006388ED /* Preview Assets.xcassets */ = {isa = PBXFileReference; lastKnownFileType = folder.assetcatalog; path = "Preview Assets.xcassets"; sourceTree = "<group>"; };
		2FD513BB2ACE1F32006388ED /* APIResult.swift */ = {isa = PBXFileReference; lastKnownFileType = sourcecode.swift; path = APIResult.swift; sourceTree = "<group>"; };
		2FD513BD2ACE1F65006388ED /* Movie.swift */ = {isa = PBXFileReference; lastKnownFileType = sourcecode.swift; path = Movie.swift; sourceTree = "<group>"; };
		2FD513BF2ACE2060006388ED /* NetworkService.swift */ = {isa = PBXFileReference; lastKnownFileType = sourcecode.swift; path = NetworkService.swift; sourceTree = "<group>"; };
		2FD513C12ACE2088006388ED /* Config.plist */ = {isa = PBXFileReference; lastKnownFileType = text.plist.xml; path = Config.plist; sourceTree = "<group>"; };
		2FD513C52ACE25C7006388ED /* PaginationService.swift */ = {isa = PBXFileReference; lastKnownFileType = sourcecode.swift; path = PaginationService.swift; sourceTree = "<group>"; };
		2FD513C72ACE261A006388ED /* PaginationManager.swift */ = {isa = PBXFileReference; lastKnownFileType = sourcecode.swift; path = PaginationManager.swift; sourceTree = "<group>"; };
		2FD513C92ACE4B7D006388ED /* MovieListViewModel.swift */ = {isa = PBXFileReference; lastKnownFileType = sourcecode.swift; path = MovieListViewModel.swift; sourceTree = "<group>"; };
		2FD513CB2ACEB5DD006388ED /* MovieRow.swift */ = {isa = PBXFileReference; lastKnownFileType = sourcecode.swift; path = MovieRow.swift; sourceTree = "<group>"; };
		2FD513CD2ACEBE2E006388ED /* VideoResult.swift */ = {isa = PBXFileReference; lastKnownFileType = sourcecode.swift; path = VideoResult.swift; sourceTree = "<group>"; };
		2FD513CF2ACEBE39006388ED /* Video.swift */ = {isa = PBXFileReference; lastKnownFileType = sourcecode.swift; path = Video.swift; sourceTree = "<group>"; };
		2FD513D92ACF3ECE006388ED /* MovieDetailsViewModel.swift */ = {isa = PBXFileReference; lastKnownFileType = sourcecode.swift; path = MovieDetailsViewModel.swift; sourceTree = "<group>"; };
		2FD513DB2ACF3EF8006388ED /* MovieDetailView.swift */ = {isa = PBXFileReference; lastKnownFileType = sourcecode.swift; path = MovieDetailView.swift; sourceTree = "<group>"; };
		2FD513DD2ACF3F37006388ED /* WebView.swift */ = {isa = PBXFileReference; lastKnownFileType = sourcecode.swift; path = WebView.swift; sourceTree = "<group>"; };
/* End PBXFileReference section */

/* Begin PBXFrameworksBuildPhase section */
		2FD513A22ACE15EF006388ED /* Frameworks */ = {
			isa = PBXFrameworksBuildPhase;
			buildActionMask = 2147483647;
			files = (
				2FBCA4762ACF6C4500E01E62 /* RealmSwift in Frameworks */,
				2FBCA4742ACF6C4500E01E62 /* Realm in Frameworks */,
			);
			runOnlyForDeploymentPostprocessing = 0;
		};
/* End PBXFrameworksBuildPhase section */

/* Begin PBXGroup section */
		2FD5139C2ACE15EF006388ED = {
			isa = PBXGroup;
			children = (
				2FD513A72ACE15EF006388ED /* Platzi */,
				2FD513A62ACE15EF006388ED /* Products */,
			);
			sourceTree = "<group>";
		};
		2FD513A62ACE15EF006388ED /* Products */ = {
			isa = PBXGroup;
			children = (
				2FD513A52ACE15EF006388ED /* Platzi.app */,
			);
			name = Products;
			sourceTree = "<group>";
		};
		2FD513A72ACE15EF006388ED /* Platzi */ = {
			isa = PBXGroup;
			children = (
				2FD513AC2ACE15F1006388ED /* Assets.xcassets */,
				2FD513B62ACE1698006388ED /* Model */,
				2FD513A82ACE15EF006388ED /* PlatziApp.swift */,
				2FD513AE2ACE15F1006388ED /* Preview Content */,
				2FD513B92ACE16AB006388ED /* Service */,
				2FD513BA2ACE16B2006388ED /* Utilities */,
				2FD513B72ACE169C006388ED /* View */,
				2FD513B82ACE16A0006388ED /* ViewModel */,
				2FD513C12ACE2088006388ED /* Config.plist */,
			);
			path = Platzi;
			sourceTree = "<group>";
		};
		2FD513AE2ACE15F1006388ED /* Preview Content */ = {
			isa = PBXGroup;
			children = (
				2FD513AF2ACE15F1006388ED /* Preview Assets.xcassets */,
			);
			path = "Preview Content";
			sourceTree = "<group>";
		};
		2FD513B62ACE1698006388ED /* Model */ = {
			isa = PBXGroup;
			children = (
				2FD513BB2ACE1F32006388ED /* APIResult.swift */,
				2FD513BD2ACE1F65006388ED /* Movie.swift */,
				2FD513CD2ACEBE2E006388ED /* VideoResult.swift */,
				2FD513CF2ACEBE39006388ED /* Video.swift */,
			);
			path = Model;
			sourceTree = "<group>";
		};
		2FD513B72ACE169C006388ED /* View */ = {
			isa = PBXGroup;
			children = (
				2FD513AA2ACE15EF006388ED /* ContentView.swift */,
				2FD513CB2ACEB5DD006388ED /* MovieRow.swift */,
				2FD513DB2ACF3EF8006388ED /* MovieDetailView.swift */,
				2FD513DD2ACF3F37006388ED /* WebView.swift */,
			);
			path = View;
			sourceTree = "<group>";
		};
		2FD513B82ACE16A0006388ED /* ViewModel */ = {
			isa = PBXGroup;
			children = (
				2FD513C92ACE4B7D006388ED /* MovieListViewModel.swift */,
				2FD513D92ACF3ECE006388ED /* MovieDetailsViewModel.swift */,
			);
			path = ViewModel;
			sourceTree = "<group>";
		};
		2FD513B92ACE16AB006388ED /* Service */ = {
			isa = PBXGroup;
			children = (
				2FD513BF2ACE2060006388ED /* NetworkService.swift */,
				2FD513C52ACE25C7006388ED /* PaginationService.swift */,
			);
			path = Service;
			sourceTree = "<group>";
		};
		2FD513BA2ACE16B2006388ED /* Utilities */ = {
			isa = PBXGroup;
			children = (
				2FD513C72ACE261A006388ED /* PaginationManager.swift */,
				2F9279AD2ACF9DE700F8F557 /* ImageLoader.swift */,
				2F9279AF2ACFB1A400F8F557 /* NetworkMonitor.swift */,
			);
			path = Utilities;
			sourceTree = "<group>";
		};
/* End PBXGroup section */

/* Begin PBXNativeTarget section */
		2FD513A42ACE15EF006388ED /* Platzi */ = {
			isa = PBXNativeTarget;
			buildConfigurationList = 2FD513B32ACE15F1006388ED /* Build configuration list for PBXNativeTarget "Platzi" */;
			buildPhases = (
				2FD513A12ACE15EF006388ED /* Sources */,
				2FD513A22ACE15EF006388ED /* Frameworks */,
				2FD513A32ACE15EF006388ED /* Resources */,
			);
			buildRules = (
			);
			dependencies = (
			);
			name = Platzi;
			packageProductDependencies = (
				2FBCA4732ACF6C4500E01E62 /* Realm */,
				2FBCA4752ACF6C4500E01E62 /* RealmSwift */,
			);
			productName = Platzi;
			productReference = 2FD513A52ACE15EF006388ED /* Platzi.app */;
			productType = "com.apple.product-type.application";
		};
/* End PBXNativeTarget section */

/* Begin PBXProject section */
		2FD5139D2ACE15EF006388ED /* Project object */ = {
			isa = PBXProject;
			attributes = {
				BuildIndependentTargetsInParallel = 1;
				LastSwiftUpdateCheck = 1500;
				LastUpgradeCheck = 1500;
				TargetAttributes = {
					2FD513A42ACE15EF006388ED = {
						CreatedOnToolsVersion = 15.0;
					};
				};
			};
			buildConfigurationList = 2FD513A02ACE15EF006388ED /* Build configuration list for PBXProject "Platzi" */;
			compatibilityVersion = "Xcode 14.0";
			developmentRegion = en;
			hasScannedForEncodings = 0;
			knownRegions = (
				en,
				Base,
			);
			mainGroup = 2FD5139C2ACE15EF006388ED;
			packageReferences = (
				2FBCA4722ACF6C4500E01E62 /* XCRemoteSwiftPackageReference "realm-swift" */,
			);
			productRefGroup = 2FD513A62ACE15EF006388ED /* Products */;
			projectDirPath = "";
			projectRoot = "";
			targets = (
				2FD513A42ACE15EF006388ED /* Platzi */,
			);
		};
/* End PBXProject section */

/* Begin PBXResourcesBuildPhase section */
		2FD513A32ACE15EF006388ED /* Resources */ = {
			isa = PBXResourcesBuildPhase;
			buildActionMask = 2147483647;
			files = (
				2FD513B02ACE15F1006388ED /* Preview Assets.xcassets in Resources */,
				2FD513C22ACE2088006388ED /* Config.plist in Resources */,
				2FD513AD2ACE15F1006388ED /* Assets.xcassets in Resources */,
			);
			runOnlyForDeploymentPostprocessing = 0;
		};
/* End PBXResourcesBuildPhase section */

/* Begin PBXSourcesBuildPhase section */
		2FD513A12ACE15EF006388ED /* Sources */ = {
			isa = PBXSourcesBuildPhase;
			buildActionMask = 2147483647;
			files = (
				2FD513C02ACE2060006388ED /* NetworkService.swift in Sources */,
				2F9279B02ACFB1A400F8F557 /* NetworkMonitor.swift in Sources */,
				2FD513CC2ACEB5DD006388ED /* MovieRow.swift in Sources */,
				2F9279AE2ACF9DE700F8F557 /* ImageLoader.swift in Sources */,
				2FD513BC2ACE1F32006388ED /* APIResult.swift in Sources */,
				2FD513AB2ACE15EF006388ED /* ContentView.swift in Sources */,
				2FD513BE2ACE1F65006388ED /* Movie.swift in Sources */,
				2FD513C62ACE25C7006388ED /* PaginationService.swift in Sources */,
				2FD513CE2ACEBE2E006388ED /* VideoResult.swift in Sources */,
				2FD513DC2ACF3EF8006388ED /* MovieDetailView.swift in Sources */,
				2FD513D02ACEBE39006388ED /* Video.swift in Sources */,
				2FD513DA2ACF3ECE006388ED /* MovieDetailsViewModel.swift in Sources */,
				2FD513A92ACE15EF006388ED /* PlatziApp.swift in Sources */,
				2FD513C82ACE261A006388ED /* PaginationManager.swift in Sources */,
				2FD513CA2ACE4B7D006388ED /* MovieListViewModel.swift in Sources */,
				2FD513DE2ACF3F37006388ED /* WebView.swift in Sources */,
			);
			runOnlyForDeploymentPostprocessing = 0;
		};
/* End PBXSourcesBuildPhase section */

/* Begin XCBuildConfiguration section */
		2FD513B12ACE15F1006388ED /* Debug */ = {
			isa = XCBuildConfiguration;
			buildSettings = {
				ALWAYS_SEARCH_USER_PATHS = NO;
				ASSETCATALOG_COMPILER_GENERATE_SWIFT_ASSET_SYMBOL_EXTENSIONS = YES;
				CLANG_ANALYZER_NONNULL = YES;
				CLANG_ANALYZER_NUMBER_OBJECT_CONVERSION = YES_AGGRESSIVE;
				CLANG_CXX_LANGUAGE_STANDARD = "gnu++20";
				CLANG_ENABLE_MODULES = YES;
				CLANG_ENABLE_OBJC_ARC = YES;
				CLANG_ENABLE_OBJC_WEAK = YES;
				CLANG_WARN_BLOCK_CAPTURE_AUTORELEASING = YES;
				CLANG_WARN_BOOL_CONVERSION = YES;
				CLANG_WARN_COMMA = YES;
				CLANG_WARN_CONSTANT_CONVERSION = YES;
				CLANG_WARN_DEPRECATED_OBJC_IMPLEMENTATIONS = YES;
				CLANG_WARN_DIRECT_OBJC_ISA_USAGE = YES_ERROR;
				CLANG_WARN_DOCUMENTATION_COMMENTS = YES;
				CLANG_WARN_EMPTY_BODY = YES;
				CLANG_WARN_ENUM_CONVERSION = YES;
				CLANG_WARN_INFINITE_RECURSION = YES;
				CLANG_WARN_INT_CONVERSION = YES;
				CLANG_WARN_NON_LITERAL_NULL_CONVERSION = YES;
				CLANG_WARN_OBJC_IMPLICIT_RETAIN_SELF = YES;
				CLANG_WARN_OBJC_LITERAL_CONVERSION = YES;
				CLANG_WARN_OBJC_ROOT_CLASS = YES_ERROR;
				CLANG_WARN_QUOTED_INCLUDE_IN_FRAMEWORK_HEADER = YES;
				CLANG_WARN_RANGE_LOOP_ANALYSIS = YES;
				CLANG_WARN_STRICT_PROTOTYPES = YES;
				CLANG_WARN_SUSPICIOUS_MOVE = YES;
				CLANG_WARN_UNGUARDED_AVAILABILITY = YES_AGGRESSIVE;
				CLANG_WARN_UNREACHABLE_CODE = YES;
				CLANG_WARN__DUPLICATE_METHOD_MATCH = YES;
				COPY_PHASE_STRIP = NO;
				DEBUG_INFORMATION_FORMAT = dwarf;
				ENABLE_STRICT_OBJC_MSGSEND = YES;
				ENABLE_TESTABILITY = YES;
				ENABLE_USER_SCRIPT_SANDBOXING = YES;
				GCC_C_LANGUAGE_STANDARD = gnu17;
				GCC_DYNAMIC_NO_PIC = NO;
				GCC_NO_COMMON_BLOCKS = YES;
				GCC_OPTIMIZATION_LEVEL = 0;
				GCC_PREPROCESSOR_DEFINITIONS = (
					"DEBUG=1",
					"$(inherited)",
				);
				GCC_WARN_64_TO_32_BIT_CONVERSION = YES;
				GCC_WARN_ABOUT_RETURN_TYPE = YES_ERROR;
				GCC_WARN_UNDECLARED_SELECTOR = YES;
				GCC_WARN_UNINITIALIZED_AUTOS = YES_AGGRESSIVE;
				GCC_WARN_UNUSED_FUNCTION = YES;
				GCC_WARN_UNUSED_VARIABLE = YES;
				IPHONEOS_DEPLOYMENT_TARGET = 17.0;
				LOCALIZATION_PREFERS_STRING_CATALOGS = YES;
				MTL_ENABLE_DEBUG_INFO = INCLUDE_SOURCE;
				MTL_FAST_MATH = YES;
				ONLY_ACTIVE_ARCH = YES;
				SDKROOT = iphoneos;
				SWIFT_ACTIVE_COMPILATION_CONDITIONS = "DEBUG $(inherited)";
				SWIFT_OPTIMIZATION_LEVEL = "-Onone";
			};
			name = Debug;
		};
		2FD513B22ACE15F1006388ED /* Release */ = {
			isa = XCBuildConfiguration;
			buildSettings = {
				ALWAYS_SEARCH_USER_PATHS = NO;
				ASSETCATALOG_COMPILER_GENERATE_SWIFT_ASSET_SYMBOL_EXTENSIONS = YES;
				CLANG_ANALYZER_NONNULL = YES;
				CLANG_ANALYZER_NUMBER_OBJECT_CONVERSION = YES_AGGRESSIVE;
				CLANG_CXX_LANGUAGE_STANDARD = "gnu++20";
				CLANG_ENABLE_MODULES = YES;
				CLANG_ENABLE_OBJC_ARC = YES;
				CLANG_ENABLE_OBJC_WEAK = YES;
				CLANG_WARN_BLOCK_CAPTURE_AUTORELEASING = YES;
				CLANG_WARN_BOOL_CONVERSION = YES;
				CLANG_WARN_COMMA = YES;
				CLANG_WARN_CONSTANT_CONVERSION = YES;
				CLANG_WARN_DEPRECATED_OBJC_IMPLEMENTATIONS = YES;
				CLANG_WARN_DIRECT_OBJC_ISA_USAGE = YES_ERROR;
				CLANG_WARN_DOCUMENTATION_COMMENTS = YES;
				CLANG_WARN_EMPTY_BODY = YES;
				CLANG_WARN_ENUM_CONVERSION = YES;
				CLANG_WARN_INFINITE_RECURSION = YES;
				CLANG_WARN_INT_CONVERSION = YES;
				CLANG_WARN_NON_LITERAL_NULL_CONVERSION = YES;
				CLANG_WARN_OBJC_IMPLICIT_RETAIN_SELF = YES;
				CLANG_WARN_OBJC_LITERAL_CONVERSION = YES;
				CLANG_WARN_OBJC_ROOT_CLASS = YES_ERROR;
				CLANG_WARN_QUOTED_INCLUDE_IN_FRAMEWORK_HEADER = YES;
				CLANG_WARN_RANGE_LOOP_ANALYSIS = YES;
				CLANG_WARN_STRICT_PROTOTYPES = YES;
				CLANG_WARN_SUSPICIOUS_MOVE = YES;
				CLANG_WARN_UNGUARDED_AVAILABILITY = YES_AGGRESSIVE;
				CLANG_WARN_UNREACHABLE_CODE = YES;
				CLANG_WARN__DUPLICATE_METHOD_MATCH = YES;
				COPY_PHASE_STRIP = NO;
				DEBUG_INFORMATION_FORMAT = "dwarf-with-dsym";
				ENABLE_NS_ASSERTIONS = NO;
				ENABLE_STRICT_OBJC_MSGSEND = YES;
				ENABLE_USER_SCRIPT_SANDBOXING = YES;
				GCC_C_LANGUAGE_STANDARD = gnu17;
				GCC_NO_COMMON_BLOCKS = YES;
				GCC_WARN_64_TO_32_BIT_CONVERSION = YES;
				GCC_WARN_ABOUT_RETURN_TYPE = YES_ERROR;
				GCC_WARN_UNDECLARED_SELECTOR = YES;
				GCC_WARN_UNINITIALIZED_AUTOS = YES_AGGRESSIVE;
				GCC_WARN_UNUSED_FUNCTION = YES;
				GCC_WARN_UNUSED_VARIABLE = YES;
				IPHONEOS_DEPLOYMENT_TARGET = 17.0;
				LOCALIZATION_PREFERS_STRING_CATALOGS = YES;
				MTL_ENABLE_DEBUG_INFO = NO;
				MTL_FAST_MATH = YES;
				SDKROOT = iphoneos;
				SWIFT_COMPILATION_MODE = wholemodule;
				VALIDATE_PRODUCT = YES;
			};
			name = Release;
		};
		2FD513B42ACE15F1006388ED /* Debug */ = {
			isa = XCBuildConfiguration;
			buildSettings = {
				ASSETCATALOG_COMPILER_APPICON_NAME = AppIcon;
				ASSETCATALOG_COMPILER_GLOBAL_ACCENT_COLOR_NAME = AccentColor;
				CODE_SIGN_STYLE = Automatic;
				CURRENT_PROJECT_VERSION = 1;
				DEVELOPMENT_ASSET_PATHS = "\"Platzi/Preview Content\"";
				DEVELOPMENT_TEAM = H5K8CL3D92;
				ENABLE_PREVIEWS = YES;
				GENERATE_INFOPLIST_FILE = YES;
				INFOPLIST_KEY_UIApplicationSceneManifest_Generation = YES;
				INFOPLIST_KEY_UIApplicationSupportsIndirectInputEvents = YES;
				INFOPLIST_KEY_UILaunchScreen_Generation = YES;
				INFOPLIST_KEY_UISupportedInterfaceOrientations = "UIInterfaceOrientationLandscapeLeft UIInterfaceOrientationLandscapeRight UIInterfaceOrientationPortrait";
				IPHONEOS_DEPLOYMENT_TARGET = 15.0;
				LD_RUNPATH_SEARCH_PATHS = (
					"$(inherited)",
					"@executable_path/Frameworks",
				);
				MARKETING_VERSION = 1.0;
				PRODUCT_BUNDLE_IDENTIFIER = mzellhuber.Platzi;
				PRODUCT_NAME = "$(TARGET_NAME)";
				SWIFT_EMIT_LOC_STRINGS = YES;
				SWIFT_VERSION = 5.0;
				TARGETED_DEVICE_FAMILY = "1,2";
			};
			name = Debug;
		};
		2FD513B52ACE15F1006388ED /* Release */ = {
			isa = XCBuildConfiguration;
			buildSettings = {
				ASSETCATALOG_COMPILER_APPICON_NAME = AppIcon;
				ASSETCATALOG_COMPILER_GLOBAL_ACCENT_COLOR_NAME = AccentColor;
				CODE_SIGN_STYLE = Automatic;
				CURRENT_PROJECT_VERSION = 1;
				DEVELOPMENT_ASSET_PATHS = "\"Platzi/Preview Content\"";
				DEVELOPMENT_TEAM = H5K8CL3D92;
				ENABLE_PREVIEWS = YES;
				GENERATE_INFOPLIST_FILE = YES;
				INFOPLIST_KEY_UIApplicationSceneManifest_Generation = YES;
				INFOPLIST_KEY_UIApplicationSupportsIndirectInputEvents = YES;
				INFOPLIST_KEY_UILaunchScreen_Generation = YES;
				INFOPLIST_KEY_UISupportedInterfaceOrientations = "UIInterfaceOrientationLandscapeLeft UIInterfaceOrientationLandscapeRight UIInterfaceOrientationPortrait";
				IPHONEOS_DEPLOYMENT_TARGET = 15.0;
				LD_RUNPATH_SEARCH_PATHS = (
					"$(inherited)",
					"@executable_path/Frameworks",
				);
				MARKETING_VERSION = 1.0;
				PRODUCT_BUNDLE_IDENTIFIER = mzellhuber.Platzi;
				PRODUCT_NAME = "$(TARGET_NAME)";
				SWIFT_EMIT_LOC_STRINGS = YES;
				SWIFT_VERSION = 5.0;
				TARGETED_DEVICE_FAMILY = "1,2";
			};
			name = Release;
		};
/* End XCBuildConfiguration section */

/* Begin XCConfigurationList section */
		2FD513A02ACE15EF006388ED /* Build configuration list for PBXProject "Platzi" */ = {
			isa = XCConfigurationList;
			buildConfigurations = (
				2FD513B12ACE15F1006388ED /* Debug */,
				2FD513B22ACE15F1006388ED /* Release */,
			);
			defaultConfigurationIsVisible = 0;
			defaultConfigurationName = Release;
		};
		2FD513B32ACE15F1006388ED /* Build configuration list for PBXNativeTarget "Platzi" */ = {
			isa = XCConfigurationList;
			buildConfigurations = (
				2FD513B42ACE15F1006388ED /* Debug */,
				2FD513B52ACE15F1006388ED /* Release */,
			);
			defaultConfigurationIsVisible = 0;
			defaultConfigurationName = Release;
		};
/* End XCConfigurationList section */

/* Begin XCRemoteSwiftPackageReference section */
		2FBCA4722ACF6C4500E01E62 /* XCRemoteSwiftPackageReference "realm-swift" */ = {
			isa = XCRemoteSwiftPackageReference;
			repositoryURL = "https://github.com/realm/realm-swift.git";
			requirement = {
				branch = master;
				kind = branch;
			};
		};
/* End XCRemoteSwiftPackageReference section */

/* Begin XCSwiftPackageProductDependency section */
		2FBCA4732ACF6C4500E01E62 /* Realm */ = {
			isa = XCSwiftPackageProductDependency;
			package = 2FBCA4722ACF6C4500E01E62 /* XCRemoteSwiftPackageReference "realm-swift" */;
			productName = Realm;
		};
		2FBCA4752ACF6C4500E01E62 /* RealmSwift */ = {
			isa = XCSwiftPackageProductDependency;
			package = 2FBCA4722ACF6C4500E01E62 /* XCRemoteSwiftPackageReference "realm-swift" */;
			productName = RealmSwift;
		};
/* End XCSwiftPackageProductDependency section */
	};
	rootObject = 2FD5139D2ACE15EF006388ED /* Project object */;
}
